
Microsoft Visual Studio Solution File, Format Version 12.00
# Visual Studio Version 16
VisualStudioVersion = 25.0.1706.7
MinimumVisualStudioVersion = 10.0.40219.1
Project("{FAE04EC0-301F-11D3-BF4B-00C04F79EFBC}") = "InterfaceAbstractDemo", "InterfaceAbstractDemo.csproj", "{EC390939-030B-4A9C-ABC2-B4FBD0E93B48}"
EndProject
Global
	GlobalSection(SolutionConfigurationPlatforms) = preSolution
		Debug|Any CPU = Debug|Any CPU
		Release|Any CPU = Release|Any CPU
	EndGlobalSection
	GlobalSection(ProjectConfigurationPlatforms) = postSolution
		{EC390939-030B-4A9C-ABC2-B4FBD0E93B48}.Debug|Any CPU.ActiveCfg = Debug|Any CPU
		{EC390939-030B-4A9C-ABC2-B4FBD0E93B48}.Debug|Any CPU.Build.0 = Debug|Any CPU
		{EC390939-030B-4A9C-ABC2-B4FBD0E93B48}.Release|Any CPU.ActiveCfg = Release|Any CPU
		{EC390939-030B-4A9C-ABC2-B4FBD0E93B48}.Release|Any CPU.Build.0 = Release|Any CPU
	EndGlobalSection
	GlobalSection(SolutionProperties) = preSolution
		HideSolutionNode = FALSE
	EndGlobalSection
	GlobalSection(ExtensibilityGlobals) = postSolution
		SolutionGuid = {9DED252F-1D5E-4785-902C-8A8693B45924}
	EndGlobalSection
EndGlobal
